# This file is automatically @generated by Cargo.
# It is not intended for manual editing.
version = 3

[[package]]
name = "bitflags"
version = "2.6.0"
source = "registry+https://github.com/rust-lang/crates.io-index"
checksum = "b048fb63fd8b5923fc5aa7b340d8e156aec7ec02f0c78fa8a6ddc2613f6f71de"

[[package]]
name = "component"
version = "0.1.0"
dependencies = [
 "wit-bindgen-rt",
]

[[package]]
name = "wit-bindgen-rt"
version = "0.27.0"
source = "registry+https://github.com/rust-lang/crates.io-index"
checksum = "75956ff0a04a87ca0526b07199ce3b9baee899f2e4723b5b63aa296ab172ec52"
dependencies = [
 "bitflags",
]
